Microsoft Visual Studio Solution File, Format Version 12.00
# Visual Studio Version 17
VisualStudioVersion = 17.9.34714.143
MinimumVisualStudioVersion = 10.0.40219.1
Project("{9A19103F-16F7-4668-BE54-9A1E7A4F7556}") = "SmppClient", "SmppClient\SmppClient.csproj", "{8CBF9913-5ED6-4C40-8675-385FE08F15AA}"
EndProject
Project("{9A19103F-16F7-4668-BE54-9A1E7A4F7556}") = "SmppTestClient", "SmppTestClient\SmppTestClient.csproj", "{0CF6060A-904C-41E8-BCA2-C63114DFFCB0}"
EndProject
Global
	GlobalSection(SolutionConfigurationPlatforms) = preSolution
		Debug|Any CPU = Debug|Any CPU
		Debug|Mixed Platforms = Debug|Mixed Platforms
		Debug|x86 = Debug|x86
		Release|Any CPU = Release|Any CPU
		Release|Mixed Platforms = Release|Mixed Platforms
		Release|x86 = Release|x86
	EndGlobalSection
	GlobalSection(ProjectConfigurationPlatforms) = postSolution
		{8CBF9913-5ED6-4C40-8675-385FE08F15AA}.Debug|Any CPU.ActiveCfg = Debug|Any CPU
		{8CBF9913-5ED6-4C40-8675-385FE08F15AA}.Debug|Any CPU.Build.0 = Debug|Any CPU
		{8CBF9913-5ED6-4C40-8675-385FE08F15AA}.Debug|Mixed Platforms.ActiveCfg = Debug|Any CPU
		{8CBF9913-5ED6-4C40-8675-385FE08F15AA}.Debug|Mixed Platforms.Build.0 = Debug|Any CPU
		{8CBF9913-5ED6-4C40-8675-385FE08F15AA}.Debug|x86.ActiveCfg = Debug|Any CPU
		{8CBF9913-5ED6-4C40-8675-385FE08F15AA}.Release|Any CPU.ActiveCfg = Release|Any CPU
		{8CBF9913-5ED6-4C40-8675-385FE08F15AA}.Release|Any CPU.Build.0 = Release|Any CPU
		{8CBF9913-5ED6-4C40-8675-385FE08F15AA}.Release|Mixed Platforms.ActiveCfg = Release|Any CPU
		{8CBF9913-5ED6-4C40-8675-385FE08F15AA}.Release|Mixed Platforms.Build.0 = Release|Any CPU
		{8CBF9913-5ED6-4C40-8675-385FE08F15AA}.Release|x86.ActiveCfg = Release|Any CPU
		{0CF6060A-904C-41E8-BCA2-C63114DFFCB0}.Debug|Any CPU.ActiveCfg = Debug|Any CPU
		{0CF6060A-904C-41E8-BCA2-C63114DFFCB0}.Debug|Any CPU.Build.0 = Debug|Any CPU
		{0CF6060A-904C-41E8-BCA2-C63114DFFCB0}.Debug|Mixed Platforms.ActiveCfg = Debug|Any CPU
		{0CF6060A-904C-41E8-BCA2-C63114DFFCB0}.Debug|Mixed Platforms.Build.0 = Debug|Any CPU
		{0CF6060A-904C-41E8-BCA2-C63114DFFCB0}.Debug|x86.ActiveCfg = Debug|Any CPU
		{0CF6060A-904C-41E8-BCA2-C63114DFFCB0}.Debug|x86.Build.0 = Debug|Any CPU
		{0CF6060A-904C-41E8-BCA2-C63114DFFCB0}.Release|Any CPU.ActiveCfg = Release|Any CPU
		{0CF6060A-904C-41E8-BCA2-C63114DFFCB0}.Release|Any CPU.Build.0 = Release|Any CPU
		{0CF6060A-904C-41E8-BCA2-C63114DFFCB0}.Release|Mixed Platforms.ActiveCfg = Release|Any CPU
		{0CF6060A-904C-41E8-BCA2-C63114DFFCB0}.Release|Mixed Platforms.Build.0 = Release|Any CPU
		{0CF6060A-904C-41E8-BCA2-C63114DFFCB0}.Release|x86.ActiveCfg = Release|Any CPU
		{0CF6060A-904C-41E8-BCA2-C63114DFFCB0}.Release|x86.Build.0 = Release|Any CPU
	EndGlobalSection
	GlobalSection(SolutionProperties) = preSolution
		HideSolutionNode = FALSE
	EndGlobalSection
	GlobalSection(ExtensibilityGlobals) = postSolution
		SolutionGuid = {24DDD7FA-6419-43B9-ACF8-39C4D4E6D3C6}
	EndGlobalSection
EndGlobal
